# THIS IS AN AUTOGENERATED FILE. DO NOT EDIT THIS FILE DIRECTLY.
# yarn lockfile v1


browserslist@^3.2.4:
  version "3.2.4"
  resolved "https://registry.yarnpkg.com/browserslist/-/browserslist-3.2.4.tgz#fb9ad70fd09875137ae943a31ab815ed76896031"
  dependencies:
    caniuse-lite "^1.0.30000821"
    electron-to-chromium "^1.3.41"

caniuse-lite@^1.0.30000821:
  version "1.0.30000827"
  resolved "https://registry.yarnpkg.com/caniuse-lite/-/caniuse-lite-1.0.30000827.tgz#2dad2354e4810c3c9bb1cfc57f655c270c25fa52"

electron-to-chromium@^1.3.41:
  version "1.3.42"
  resolved "https://registry.yarnpkg.com/electron-to-chromium/-/electron-to-chromium-1.3.42.tgz#95c33bf01d0cc405556aec899fe61fd4d76ea0f9"
